
Microsoft Visual Studio Solution File, Format Version 12.00
# Visual Studio Version 17
VisualStudioVersion = 17.3.32901.215
MinimumVisualStudioVersion = 10.0.40219.1
Project("{FAE04EC0-301F-11D3-BF4B-00C04F79EFBC}") = "AdventOfCodeDay1", "AdventOfCodeDay1\AdventOfCodeDay1.csproj", "{D50BEF09-89BB-4461-A835-5B3F0092B64D}"
EndProject
Global
	GlobalSection(SolutionConfigurationPlatforms) = preSolution
		Debug|Any CPU = Debug|Any CPU
		Release|Any CPU = Release|Any CPU
	EndGlobalSection
	GlobalSection(ProjectConfigurationPlatforms) = postSolution
		{D50BEF09-89BB-4461-A835-5B3F0092B64D}.Debug|Any CPU.ActiveCfg = Debug|Any CPU
		{D50BEF09-89BB-4461-A835-5B3F0092B64D}.Debug|Any CPU.Build.0 = Debug|Any CPU
		{D50BEF09-89BB-4461-A835-5B3F0092B64D}.Release|Any CPU.ActiveCfg = Release|Any CPU
		{D50BEF09-89BB-4461-A835-5B3F0092B64D}.Release|Any CPU.Build.0 = Release|Any CPU
	EndGlobalSection
	GlobalSection(SolutionProperties) = preSolution
		HideSolutionNode = FALSE
	EndGlobalSection
	GlobalSection(ExtensibilityGlobals) = postSolution
		SolutionGuid = {76B264B6-3EB4-4204-99E2-50A62AB75433}
	EndGlobalSection
EndGlobal
